// !$*UTF8*$!
{
	archiveVersion = 1;
	classes = {
	};
	objectVersion = 55;
	objects = {

/* Begin PBXBuildFile section */
		44B0C3D1280EDD2F003CF86F /* AppDelegate.swift in Sources */ = {isa = PBXBuildFile; fileRef = 44B0C3D0280EDD2F003CF86F /* AppDelegate.swift */; };
		44B0C3D3280EDD2F003CF86F /* SceneDelegate.swift in Sources */ = {isa = PBXBuildFile; fileRef = 44B0C3D2280EDD2F003CF86F /* SceneDelegate.swift */; };
		44B0C3D5280EDD2F003CF86F /* ViewController.swift in Sources */ = {isa = PBXBuildFile; fileRef = 44B0C3D4280EDD2F003CF86F /* ViewController.swift */; };
		44B0C3D8280EDD2F003CF86F /* Main.storyboard in Resources */ = {isa = PBXBuildFile; fileRef = 44B0C3D6280EDD2F003CF86F /* Main.storyboard */; };
		44B0C3DB280EDD2F003CF86F /* TaskManagerApp.xcdatamodeld in Sources */ = {isa = PBXBuildFile; fileRef = 44B0C3D9280EDD2F003CF86F /* TaskManagerApp.xcdatamodeld */; };
		44B0C3DD280EDD2F003CF86F /* Assets.xcassets in Resources */ = {isa = PBXBuildFile; fileRef = 44B0C3DC280EDD2F003CF86F /* Assets.xcassets */; };
		44B0C3E0280EDD2F003CF86F /* LaunchScreen.storyboard in Resources */ = {isa = PBXBuildFile; fileRef = 44B0C3DE280EDD2F003CF86F /* LaunchScreen.storyboard */; };
/* End PBXBuildFile section */

/* Begin PBXFileReference section */
		44B0C3CD280EDD2F003CF86F /* TaskManagerApp.app */ = {isa = PBXFileReference; explicitFileType = wrapper.application; includeInIndex = 0; path = TaskManagerApp.app; sourceTree = BUILT_PRODUCTS_DIR; };
		44B0C3D0280EDD2F003CF86F /* AppDelegate.swift */ = {isa = PBXFileReference; lastKnownFileType = sourcecode.swift; path = AppDelegate.swift; sourceTree = "<group>"; };
		44B0C3D2280EDD2F003CF86F /* SceneDelegate.swift */ = {isa = PBXFileReference; lastKnownFileType = sourcecode.swift; path = SceneDelegate.swift; sourceTree = "<group>"; };
		44B0C3D4280EDD2F003CF86F /* ViewController.swift */ = {isa = PBXFileReference; lastKnownFileType = sourcecode.swift; path = ViewController.swift; sourceTree = "<group>"; };
		44B0C3D7280EDD2F003CF86F /* Base */ = {isa = PBXFileReference; lastKnownFileType = file.storyboard; name = Base; path = Base.lproj/Main.storyboard; sourceTree = "<group>"; };
		44B0C3DA280EDD2F003CF86F /* TaskManagerApp.xcdatamodel */ = {isa = PBXFileReference; lastKnownFileType = wrapper.xcdatamodel; path = TaskManagerApp.xcdatamodel; sourceTree = "<group>"; };
		44B0C3DC280EDD2F003CF86F /* Assets.xcassets */ = {isa = PBXFileReference; lastKnownFileType = folder.assetcatalog; path = Assets.xcassets; sourceTree = "<group>"; };
		44B0C3DF280EDD2F003CF86F /* Base */ = {isa = PBXFileReference; lastKnownFileType = file.storyboard; name = Base; path = Base.lproj/LaunchScreen.storyboard; sourceTree = "<group>"; };
		44B0C3E1280EDD2F003CF86F /* Info.plist */ = {isa = PBXFileReference; lastKnownFileType = text.plist.xml; path = Info.plist; sourceTree = "<group>"; };
/* End PBXFileReference section */

/* Begin PBXFrameworksBuildPhase section */
		44B0C3CA280EDD2F003CF86F /* Frameworks */ = {
			isa = PBXFrameworksBuildPhase;
			buildActionMask = 2147483647;
			files = (
			);
			runOnlyForDeploymentPostprocessing = 0;
		};
/* End PBXFrameworksBuildPhase section */

/* Begin PBXGroup section */
		44B0C3C4280EDD2F003CF86F = {
			isa = PBXGroup;
			children = (
				44B0C3CF280EDD2F003CF86F /* TaskManagerApp */,
				44B0C3CE280EDD2F003CF86F /* Products */,
			);
			sourceTree = "<group>";
		};
		44B0C3CE280EDD2F003CF86F /* Products */ = {
			isa = PBXGroup;
			children = (
				44B0C3CD280EDD2F003CF86F /* TaskManagerApp.app */,
			);
			name = Products;
			sourceTree = "<group>";
		};
		44B0C3CF280EDD2F003CF86F /* TaskManagerApp */ = {
			isa = PBXGroup;
			children = (
				44B0C3D0280EDD2F003CF86F /* AppDelegate.swift */,
				44B0C3D2280EDD2F003CF86F /* SceneDelegate.swift */,
				44B0C3D4280EDD2F003CF86F /* ViewController.swift */,
				44B0C3D6280EDD2F003CF86F /* Main.storyboard */,
				44B0C3DC280EDD2F003CF86F /* Assets.xcassets */,
				44B0C3DE280EDD2F003CF86F /* LaunchScreen.storyboard */,
				44B0C3E1280EDD2F003CF86F /* Info.plist */,
				44B0C3D9280EDD2F003CF86F /* TaskManagerApp.xcdatamodeld */,
			);
			path = TaskManagerApp;
			sourceTree = "<group>";
		};
/* End PBXGroup section */

/* Begin PBXNativeTarget section */
		44B0C3CC280EDD2F003CF86F /* TaskManagerApp */ = {
			isa = PBXNativeTarget;
			buildConfigurationList = 44B0C3E4280EDD2F003CF86F /* Build configuration list for PBXNativeTarget "TaskManagerApp" */;
			buildPhases = (
				44B0C3C9280EDD2F003CF86F /* Sources */,
				44B0C3CA280EDD2F003CF86F /* Frameworks */,
				44B0C3CB280EDD2F003CF86F /* Resources */,
			);
			buildRules = (
			);
			dependencies = (
			);
			name = TaskManagerApp;
			productName = TaskManagerApp;
			productReference = 44B0C3CD280EDD2F003CF86F /* TaskManagerApp.app */;
			productType = "com.apple.product-type.application";
		};
/* End PBXNativeTarget section */

/* Begin PBXProject section */
		44B0C3C5280EDD2F003CF86F /* Project object */ = {
			isa = PBXProject;
			attributes = {
				BuildIndependentTargetsInParallel = 1;
				LastSwiftUpdateCheck = 1330;
				LastUpgradeCheck = 1330;
				TargetAttributes = {
					44B0C3CC280EDD2F003CF86F = {
						CreatedOnToolsVersion = 13.3.1;
					};
				};
			};
			buildConfigurationList = 44B0C3C8280EDD2F003CF86F /* Build configuration list for PBXProject "TaskManagerApp" */;
			compatibilityVersion = "Xcode 13.0";
			developmentRegion = en;
			hasScannedForEncodings = 0;
			knownRegions = (
				en,
				Base,
			);
			mainGroup = 44B0C3C4280EDD2F003CF86F;
			productRefGroup = 44B0C3CE280EDD2F003CF86F /* Products */;
			projectDirPath = "";
			projectRoot = "";
			targets = (
				44B0C3CC280EDD2F003CF86F /* TaskManagerApp */,
			);
		};
/* End PBXProject section */

/* Begin PBXResourcesBuildPhase section */
		44B0C3CB280EDD2F003CF86F /* Resources */ = {
			isa = PBXResourcesBuildPhase;
			buildActionMask = 2147483647;
			files = (
				44B0C3E0280EDD2F003CF86F /* LaunchScreen.storyboard in Resources */,
				44B0C3DD280EDD2F003CF86F /* Assets.xcassets in Resources */,
				44B0C3D8280EDD2F003CF86F /* Main.storyboard in Resources */,
			);
			runOnlyForDeploymentPostprocessing = 0;
		};
/* End PBXResourcesBuildPhase section */

/* Begin PBXSourcesBuildPhase section */
		44B0C3C9280EDD2F003CF86F /* Sources */ = {
			isa = PBXSourcesBuildPhase;
			buildActionMask = 2147483647;
			files = (
				44B0C3D5280EDD2F003CF86F /* ViewController.swift in Sources */,
				44B0C3D1280EDD2F003CF86F /* AppDelegate.swift in Sources */,
				44B0C3DB280EDD2F003CF86F /* TaskManagerApp.xcdatamodeld in Sources */,
				44B0C3D3280EDD2F003CF86F /* SceneDelegate.swift in Sources */,
			);
			runOnlyForDeploymentPostprocessing = 0;
		};
/* End PBXSourcesBuildPhase section */

/* Begin PBXVariantGroup section */
		44B0C3D6280EDD2F003CF86F /* Main.storyboard */ = {
			isa = PBXVariantGroup;
			children = (
				44B0C3D7280EDD2F003CF86F /* Base */,
			);
			name = Main.storyboard;
			sourceTree = "<group>";
		};
		44B0C3DE280EDD2F003CF86F /* LaunchScreen.storyboard */ = {
			isa = PBXVariantGroup;
			children = (
				44B0C3DF280EDD2F003CF86F /* Base */,
			);
			name = LaunchScreen.storyboard;
			sourceTree = "<group>";
		};
/* End PBXVariantGroup section */

/* Begin XCBuildConfiguration section */
		44B0C3E2280EDD2F003CF86F /* Debug */ = {
			isa = XCBuildConfiguration;
			buildSettings = {
				ALWAYS_SEARCH_USER_PATHS = NO;
				CLANG_ANALYZER_NONNULL = YES;
				CLANG_ANALYZER_NUMBER_OBJECT_CONVERSION = YES_AGGRESSIVE;
				CLANG_CXX_LANGUAGE_STANDARD = "gnu++17";
				CLANG_ENABLE_MODULES = YES;
				CLANG_ENABLE_OBJC_ARC = YES;
				CLANG_ENABLE_OBJC_WEAK = YES;
				CLANG_WARN_BLOCK_CAPTURE_AUTORELEASING = YES;
				CLANG_WARN_BOOL_CONVERSION = YES;
				CLANG_WARN_COMMA = YES;
				CLANG_WARN_CONSTANT_CONVERSION = YES;
				CLANG_WARN_DEPRECATED_OBJC_IMPLEMENTATIONS = YES;
				CLANG_WARN_DIRECT_OBJC_ISA_USAGE = YES_ERROR;
				CLANG_WARN_DOCUMENTATION_COMMENTS = YES;
				CLANG_WARN_EMPTY_BODY = YES;
				CLANG_WARN_ENUM_CONVERSION = YES;
				CLANG_WARN_INFINITE_RECURSION = YES;
				CLANG_WARN_INT_CONVERSION = YES;
				CLANG_WARN_NON_LITERAL_NULL_CONVERSION = YES;
				CLANG_WARN_OBJC_IMPLICIT_RETAIN_SELF = YES;
				CLANG_WARN_OBJC_LITERAL_CONVERSION = YES;
				CLANG_WARN_OBJC_ROOT_CLASS = YES_ERROR;
				CLANG_WARN_QUOTED_INCLUDE_IN_FRAMEWORK_HEADER = YES;
				CLANG_WARN_RANGE_LOOP_ANALYSIS = YES;
				CLANG_WARN_STRICT_PROTOTYPES = YES;
				CLANG_WARN_SUSPICIOUS_MOVE = YES;
				CLANG_WARN_UNGUARDED_AVAILABILITY = YES_AGGRESSIVE;
				CLANG_WARN_UNREACHABLE_CODE = YES;
				CLANG_WARN__DUPLICATE_METHOD_MATCH = YES;
				COPY_PHASE_STRIP = NO;
				DEBUG_INFORMATION_FORMAT = dwarf;
				ENABLE_STRICT_OBJC_MSGSEND = YES;
				ENABLE_TESTABILITY = YES;
				GCC_C_LANGUAGE_STANDARD = gnu11;
				GCC_DYNAMIC_NO_PIC = NO;
				GCC_NO_COMMON_BLOCKS = YES;
				GCC_OPTIMIZATION_LEVEL = 0;
				GCC_PREPROCESSOR_DEFINITIONS = (
					"DEBUG=1",
					"$(inherited)",
				);
				GCC_WARN_64_TO_32_BIT_CONVERSION = YES;
				GCC_WARN_ABOUT_RETURN_TYPE = YES_ERROR;
				GCC_WARN_UNDECLARED_SELECTOR = YES;
				GCC_WARN_UNINITIALIZED_AUTOS = YES_AGGRESSIVE;
				GCC_WARN_UNUSED_FUNCTION = YES;
				GCC_WARN_UNUSED_VARIABLE = YES;
				IPHONEOS_DEPLOYMENT_TARGET = 15.4;
				MTL_ENABLE_DEBUG_INFO = INCLUDE_SOURCE;
				MTL_FAST_MATH = YES;
				ONLY_ACTIVE_ARCH = YES;
				SDKROOT = iphoneos;
				SWIFT_ACTIVE_COMPILATION_CONDITIONS = DEBUG;
				SWIFT_OPTIMIZATION_LEVEL = "-Onone";
			};
			name = Debug;
		};
		44B0C3E3280EDD2F003CF86F /* Release */ = {
			isa = XCBuildConfiguration;
			buildSettings = {
				ALWAYS_SEARCH_USER_PATHS = NO;
				CLANG_ANALYZER_NONNULL = YES;
				CLANG_ANALYZER_NUMBER_OBJECT_CONVERSION = YES_AGGRESSIVE;
				CLANG_CXX_LANGUAGE_STANDARD = "gnu++17";
				CLANG_ENABLE_MODULES = YES;
				CLANG_ENABLE_OBJC_ARC = YES;
				CLANG_ENABLE_OBJC_WEAK = YES;
				CLANG_WARN_BLOCK_CAPTURE_AUTORELEASING = YES;
				CLANG_WARN_BOOL_CONVERSION = YES;
				CLANG_WARN_COMMA = YES;
				CLANG_WARN_CONSTANT_CONVERSION = YES;
				CLANG_WARN_DEPRECATED_OBJC_IMPLEMENTATIONS = YES;
				CLANG_WARN_DIRECT_OBJC_ISA_USAGE = YES_ERROR;
				CLANG_WARN_DOCUMENTATION_COMMENTS = YES;
				CLANG_WARN_EMPTY_BODY = YES;
				CLANG_WARN_ENUM_CONVERSION = YES;
				CLANG_WARN_INFINITE_RECURSION = YES;
				CLANG_WARN_INT_CONVERSION = YES;
				CLANG_WARN_NON_LITERAL_NULL_CONVERSION = YES;
				CLANG_WARN_OBJC_IMPLICIT_RETAIN_SELF = YES;
				CLANG_WARN_OBJC_LITERAL_CONVERSION = YES;
				CLANG_WARN_OBJC_ROOT_CLASS = YES_ERROR;
				CLANG_WARN_QUOTED_INCLUDE_IN_FRAMEWORK_HEADER = YES;
				CLANG_WARN_RANGE_LOOP_ANALYSIS = YES;
				CLANG_WARN_STRICT_PROTOTYPES = YES;
				CLANG_WARN_SUSPICIOUS_MOVE = YES;
				CLANG_WARN_UNGUARDED_AVAILABILITY = YES_AGGRESSIVE;
				CLANG_WARN_UNREACHABLE_CODE = YES;
				CLANG_WARN__DUPLICATE_METHOD_MATCH = YES;
				COPY_PHASE_STRIP = NO;
				DEBUG_INFORMATION_FORMAT = "dwarf-with-dsym";
				ENABLE_NS_ASSERTIONS = NO;
				ENABLE_STRICT_OBJC_MSGSEND = YES;
				GCC_C_LANGUAGE_STANDARD = gnu11;
				GCC_NO_COMMON_BLOCKS = YES;
				GCC_WARN_64_TO_32_BIT_CONVERSION = YES;
				GCC_WARN_ABOUT_RETURN_TYPE = YES_ERROR;
				GCC_WARN_UNDECLARED_SELECTOR = YES;
				GCC_WARN_UNINITIALIZED_AUTOS = YES_AGGRESSIVE;
				GCC_WARN_UNUSED_FUNCTION = YES;
				GCC_WARN_UNUSED_VARIABLE = YES;
				IPHONEOS_DEPLOYMENT_TARGET = 15.4;
				MTL_ENABLE_DEBUG_INFO = NO;
				MTL_FAST_MATH = YES;
				SDKROOT = iphoneos;
				SWIFT_COMPILATION_MODE = wholemodule;
				SWIFT_OPTIMIZATION_LEVEL = "-O";
				VALIDATE_PRODUCT = YES;
			};
			name = Release;
		};
		44B0C3E5280EDD2F003CF86F /* Debug */ = {
			isa = XCBuildConfiguration;
			buildSettings = {
				ASSETCATALOG_COMPILER_APPICON_NAME = AppIcon;
				ASSETCATALOG_COMPILER_GLOBAL_ACCENT_COLOR_NAME = AccentColor;
				CODE_SIGN_STYLE = Automatic;
				CURRENT_PROJECT_VERSION = 1;
				DEVELOPMENT_TEAM = TS8JK2YTU3;
				GENERATE_INFOPLIST_FILE = YES;
				INFOPLIST_FILE = TaskManagerApp/Info.plist;
				INFOPLIST_KEY_UIApplicationSupportsIndirectInputEvents = YES;
				INFOPLIST_KEY_UILaunchStoryboardName = LaunchScreen;
				INFOPLIST_KEY_UIMainStoryboardFile = Main;
				INFOPLIST_KEY_UISupportedInterfaceOrientations_iPad = "UIInterfaceOrientationPortrait UIInterfaceOrientationPortraitUpsideDown UIInterfaceOrientationLandscapeLeft UIInterfaceOrientationLandscapeRight";
				INFOPLIST_KEY_UISupportedInterfaceOrientations_iPhone = "UIInterfaceOrientationPortrait UIInterfaceOrientationLandscapeLeft UIInterfaceOrientationLandscapeRight";
				LD_RUNPATH_SEARCH_PATHS = (
					"$(inherited)",
					"@executable_path/Frameworks",
				);
				MARKETING_VERSION = 1.0;
				PRODUCT_BUNDLE_IDENTIFIER = korc4.TaskManagerApp;
				PRODUCT_NAME = "$(TARGET_NAME)";
				SWIFT_EMIT_LOC_STRINGS = YES;
				SWIFT_VERSION = 5.0;
				TARGETED_DEVICE_FAMILY = "1,2";
			};
			name = Debug;
		};
		44B0C3E6280EDD2F003CF86F /* Release */ = {
			isa = XCBuildConfiguration;
			buildSettings = {
				ASSETCATALOG_COMPILER_APPICON_NAME = AppIcon;
				ASSETCATALOG_COMPILER_GLOBAL_ACCENT_COLOR_NAME = AccentColor;
				CODE_SIGN_STYLE = Automatic;
				CURRENT_PROJECT_VERSION = 1;
				DEVELOPMENT_TEAM = TS8JK2YTU3;
				GENERATE_INFOPLIST_FILE = YES;
				INFOPLIST_FILE = TaskManagerApp/Info.plist;
				INFOPLIST_KEY_UIApplicationSupportsIndirectInputEvents = YES;
				INFOPLIST_KEY_UILaunchStoryboardName = LaunchScreen;
				INFOPLIST_KEY_UIMainStoryboardFile = Main;
				INFOPLIST_KEY_UISupportedInterfaceOrientations_iPad = "UIInterfaceOrientationPortrait UIInterfaceOrientationPortraitUpsideDown UIInterfaceOrientationLandscapeLeft UIInterfaceOrientationLandscapeRight";
				INFOPLIST_KEY_UISupportedInterfaceOrientations_iPhone = "UIInterfaceOrientationPortrait UIInterfaceOrientationLandscapeLeft UIInterfaceOrientationLandscapeRight";
				LD_RUNPATH_SEARCH_PATHS = (
					"$(inherited)",
					"@executable_path/Frameworks",
				);
				MARKETING_VERSION = 1.0;
				PRODUCT_BUNDLE_IDENTIFIER = korc4.TaskManagerApp;
				PRODUCT_NAME = "$(TARGET_NAME)";
				SWIFT_EMIT_LOC_STRINGS = YES;
				SWIFT_VERSION = 5.0;
				TARGETED_DEVICE_FAMILY = "1,2";
			};
			name = Release;
		};
/* End XCBuildConfiguration section */

/* Begin XCConfigurationList section */
		44B0C3C8280EDD2F003CF86F /* Build configuration list for PBXProject "TaskManagerApp" */ = {
			isa = XCConfigurationList;
			buildConfigurations = (
				44B0C3E2280EDD2F003CF86F /* Debug */,
				44B0C3E3280EDD2F003CF86F /* Release */,
			);
			defaultConfigurationIsVisible = 0;
			defaultConfigurationName = Release;
		};
		44B0C3E4280EDD2F003CF86F /* Build configuration list for PBXNativeTarget "TaskManagerApp" */ = {
			isa = XCConfigurationList;
			buildConfigurations = (
				44B0C3E5280EDD2F003CF86F /* Debug */,
				44B0C3E6280EDD2F003CF86F /* Release */,
			);
			defaultConfigurationIsVisible = 0;
			defaultConfigurationName = Release;
		};
/* End XCConfigurationList section */

/* Begin XCVersionGroup section */
		44B0C3D9280EDD2F003CF86F /* TaskManagerApp.xcdatamodeld */ = {
			isa = XCVersionGroup;
			children = (
				44B0C3DA280EDD2F003CF86F /* TaskManagerApp.xcdatamodel */,
			);
			currentVersion = 44B0C3DA280EDD2F003CF86F /* TaskManagerApp.xcdatamodel */;
			path = TaskManagerApp.xcdatamodeld;
			sourceTree = "<group>";
			versionGroupType = wrapper.xcdatamodel;
		};
/* End XCVersionGroup section */
	};
	rootObject = 44B0C3C5280EDD2F003CF86F /* Project object */;
}
